PODS:
  - Flutter (1.0.0)
  - flutter_sound_processing (0.0.1):
    - Flutter
    - RosaKit
  - PlainPocketFFT (0.0.9)
  - PocketFFT (0.0.1)
  - RosaKit (0.0.11):
    - PlainPocketFFT (~> 0.0.9)
    - PocketFFT (~> 0.0.1)
  - shared_preferences_foundation (0.0.1):
    - Flutter
    - FlutterMacOS

DEPENDENCIES:
  - Flutter (from `Flutter`)
  - flutter_sound_processing (from `.symlinks/plugins/flutter_sound_processing/ios`)
  - shared_preferences_foundation (from `.symlinks/plugins/shared_preferences_foundation/darwin`)

SPEC REPOS:
  trunk:
    - PlainPocketFFT
    - PocketFFT
    - RosaKit

EXTERNAL SOURCES:
  Flutter:
    :path: Flutter
  flutter_sound_processing:
    :path: ".symlinks/plugins/flutter_sound_processing/ios"
  shared_preferences_foundation:
    :path: ".symlinks/plugins/shared_preferences_foundation/darwin"

SPEC CHECKSUMS:
  Flutter: e0871f40cf51350855a761d2e70bf5af5b9b5de7
  flutter_sound_processing: 59fa6cba60eb0c97ead9572deb7e4f8c85a8635a
  PlainPocketFFT: 3763f37fba0737e457ed1a3b9b7bfa70c00ff213
  PocketFFT: cdbe7ef5b7cd08520655d85d03d701b5ba35fdec
  RosaKit: 6e28b09f5eb990148a401e0c4b4ff0c207bd6569
  shared_preferences_foundation: fcdcbc04712aee1108ac7fda236f363274528f78

PODFILE CHECKSUM: 819463e6a0290f5a72f145ba7cde16e8b6ef0796

COCOAPODS: 1.16.2
